// !$*UTF8*$!
{
	archiveVersion = 1;
	classes = {
	};
	objectVersion = 46;
	objects = {

/* Begin PBXBuildFile section */
		593DE0BE15BB6B3200E96220 /* UIKit.framework in Frameworks */ = {isa = PBXBuildFile; fileRef = 593DE0BD15BB6B3200E96220 /* UIKit.framework */; };
		593DE0C015BB6B3200E96220 /* Foundation.framework in Frameworks */ = {isa = PBXBuildFile; fileRef = 593DE0BF15BB6B3200E96220 /* Foundation.framework */; };
		593DE0C215BB6B3200E96220 /* CoreGraphics.framework in Frameworks */ = {isa = PBXBuildFile; fileRef = 593DE0C115BB6B3200E96220 /* CoreGraphics.framework */; };
		593DE0C815BB6B3200E96220 /* InfoPlist.strings in Resources */ = {isa = PBXBuildFile; fileRef = 593DE0C615BB6B3200E96220 /* InfoPlist.strings */; };
		593DE0CA15BB6B3200E96220 /* main.m in Sources */ = {isa = PBXBuildFile; fileRef = 593DE0C915BB6B3200E96220 /* main.m */; };
		593DE0CE15BB6B3200E96220 /* TWAppDelegate.m in Sources */ = {isa = PBXBuildFile; fileRef = 593DE0CD15BB6B3200E96220 /* TWAppDelegate.m */; };
		593DE0D115BB6B3200E96220 /* TWFirstViewController.m in Sources */ = {isa = PBXBuildFile; fileRef = 593DE0D015BB6B3200E96220 /* TWFirstViewController.m */; };
		593DE0D815BB6B3200E96220 /* TWSecondViewController.m in Sources */ = {isa = PBXBuildFile; fileRef = 593DE0D715BB6B3200E96220 /* TWSecondViewController.m */; };
		593DE0DF15BB6B3200E96220 /* TWFirstViewController.xib in Resources */ = {isa = PBXBuildFile; fileRef = 593DE0DD15BB6B3200E96220 /* TWFirstViewController.xib */; };
		593DE0E215BB6B3200E96220 /* TWSecondViewController.xib in Resources */ = {isa = PBXBuildFile; fileRef = 593DE0E015BB6B3200E96220 /* TWSecondViewController.xib */; };
		593DE0F015BB6F3900E96220 /* first.png in Resources */ = {isa = PBXBuildFile; fileRef = 593DE0E915BB6F3900E96220 /* first.png */; };
		593DE0F115BB6F3900E96220 /* first@2x.png in Resources */ = {isa = PBXBuildFile; fileRef = 593DE0EA15BB6F3900E96220 /* first@2x.png */; };
		593DE0F215BB6F3900E96220 /* pin.png in Resources */ = {isa = PBXBuildFile; fileRef = 593DE0EB15BB6F3900E96220 /* pin.png */; };
		593DE0F515BB6F3900E96220 /* second.png in Resources */ = {isa = PBXBuildFile; fileRef = 593DE0EE15BB6F3900E96220 /* second.png */; };
		593DE0F615BB6F3900E96220 /* second@2x.png in Resources */ = {isa = PBXBuildFile; fileRef = 593DE0EF15BB6F3900E96220 /* second@2x.png */; };
		593DE0F815BB6F5900E96220 /* pin114x114.png in Resources */ = {isa = PBXBuildFile; fileRef = 593DE0F715BB6F5900E96220 /* pin114x114.png */; };
		593DE0FA15BB6F6000E96220 /* pin57x57.png in Resources */ = {isa = PBXBuildFile; fileRef = 593DE0F915BB6F6000E96220 /* pin57x57.png */; };
		593DE0FC15BB702C00E96220 /* MapKit.framework in Frameworks */ = {isa = PBXBuildFile; fileRef = 593DE0FB15BB702C00E96220 /* MapKit.framework */; };
		593DE10515BB70EC00E96220 /* TWMapPin.m in Sources */ = {isa = PBXBuildFile; fileRef = 593DE10015BB70EC00E96220 /* TWMapPin.m */; };
		593DE10615BB70EC00E96220 /* TWMapOverlayView.m in Sources */ = {isa = PBXBuildFile; fileRef = 593DE10115BB70EC00E96220 /* TWMapOverlayView.m */; };
		593DE10715BB70EC00E96220 /* TWMapOverlay.m in Sources */ = {isa = PBXBuildFile; fileRef = 593DE10315BB70EC00E96220 /* TWMapOverlay.m */; };
		593DE10D15BB7D8400E96220 /* NSString+Helper.m in Sources */ = {isa = PBXBuildFile; fileRef = 593DE10B15BB7D8400E96220 /* NSString+Helper.m */; };
		593DE12915BB7E4300E96220 /* NSObject+SBJson.m in Sources */ = {isa = PBXBuildFile; fileRef = 593DE11115BB7E4300E96220 /* NSObject+SBJson.m */; };
		593DE12A15BB7E4300E96220 /* SBJsonParser.m in Sources */ = {isa = PBXBuildFile; fileRef = 593DE11415BB7E4300E96220 /* SBJsonParser.m */; };
		593DE12B15BB7E4300E96220 /* SBJsonStreamParser.m in Sources */ = {isa = PBXBuildFile; fileRef = 593DE11615BB7E4300E96220 /* SBJsonStreamParser.m */; };
		593DE12C15BB7E4300E96220 /* SBJsonStreamParserAccumulator.m in Sources */ = {isa = PBXBuildFile; fileRef = 593DE11815BB7E4300E96220 /* SBJsonStreamParserAccumulator.m */; };
		593DE12D15BB7E4300E96220 /* SBJsonStreamParserAdapter.m in Sources */ = {isa = PBXBuildFile; fileRef = 593DE11A15BB7E4300E96220 /* SBJsonStreamParserAdapter.m */; };
		593DE12E15BB7E4300E96220 /* SBJsonStreamParserState.m in Sources */ = {isa = PBXBuildFile; fileRef = 593DE11C15BB7E4300E96220 /* SBJsonStreamParserState.m */; };
		593DE12F15BB7E4300E96220 /* SBJsonStreamWriter.m in Sources */ = {isa = PBXBuildFile; fileRef = 593DE11E15BB7E4300E96220 /* SBJsonStreamWriter.m */; };
		593DE13015BB7E4300E96220 /* SBJsonStreamWriterAccumulator.m in Sources */ = {isa = PBXBuildFile; fileRef = 593DE12015BB7E4300E96220 /* SBJsonStreamWriterAccumulator.m */; };
		593DE13115BB7E4300E96220 /* SBJsonStreamWriterState.m in Sources */ = {isa = PBXBuildFile; fileRef = 593DE12215BB7E4300E96220 /* SBJsonStreamWriterState.m */; };
		593DE13215BB7E4300E96220 /* SBJsonTokeniser.m in Sources */ = {isa = PBXBuildFile; fileRef = 593DE12415BB7E4300E96220 /* SBJsonTokeniser.m */; };
		593DE13315BB7E4300E96220 /* SBJsonUTF8Stream.m in Sources */ = {isa = PBXBuildFile; fileRef = 593DE12615BB7E4300E96220 /* SBJsonUTF8Stream.m */; };
		593DE13415BB7E4300E96220 /* SBJsonWriter.m in Sources */ = {isa = PBXBuildFile; fileRef = 593DE12815BB7E4300E96220 /* SBJsonWriter.m */; };
		593DE13615BB800800E96220 /* CoreLocation.framework in Frameworks */ = {isa = PBXBuildFile; fileRef = 593DE13515BB800800E96220 /* CoreLocation.framework */; };
/* End PBXBuildFile section */

/* Begin PBXFileReference section */
		593DE0B915BB6B3200E96220 /* TWLocationAdjuster.app */ = {isa = PBXFileReference; explicitFileType = wrapper.application; includeInIndex = 0; path = TWLocationAdjuster.app; sourceTree = BUILT_PRODUCTS_DIR; };
		593DE0BD15BB6B3200E96220 /* UIKit.framework */ = {isa = PBXFileReference; lastKnownFileType = wrapper.framework; name = UIKit.framework; path = System/Library/Frameworks/UIKit.framework; sourceTree = SDKROOT; };
		593DE0BF15BB6B3200E96220 /* Foundation.framework */ = {isa = PBXFileReference; lastKnownFileType = wrapper.framework; name = Foundation.framework; path = System/Library/Frameworks/Foundation.framework; sourceTree = SDKROOT; };
		593DE0C115BB6B3200E96220 /* CoreGraphics.framework */ = {isa = PBXFileReference; lastKnownFileType = wrapper.framework; name = CoreGraphics.framework; path = System/Library/Frameworks/CoreGraphics.framework; sourceTree = SDKROOT; };
		593DE0C515BB6B3200E96220 /* TWLocationAdjuster-Info.plist */ = {isa = PBXFileReference; lastKnownFileType = text.plist.xml; path = "TWLocationAdjuster-Info.plist"; sourceTree = "<group>"; };
		593DE0C715BB6B3200E96220 /* en */ = {isa = PBXFileReference; lastKnownFileType = text.plist.strings; name = en; path = en.lproj/InfoPlist.strings; sourceTree = "<group>"; };
		593DE0C915BB6B3200E96220 /* main.m */ = {isa = PBXFileReference; lastKnownFileType = sourcecode.c.objc; path = main.m; sourceTree = "<group>"; };
		593DE0CB15BB6B3200E96220 /* TWLocationAdjuster-Prefix.pch */ = {isa = PBXFileReference; lastKnownFileType = sourcecode.c.h; path = "TWLocationAdjuster-Prefix.pch"; sourceTree = "<group>"; };
		593DE0CC15BB6B3200E96220 /* TWAppDelegate.h */ = {isa = PBXFileReference; lastKnownFileType = sourcecode.c.h; path = TWAppDelegate.h; sourceTree = "<group>"; };
		593DE0CD15BB6B3200E96220 /* TWAppDelegate.m */ = {isa = PBXFileReference; lastKnownFileType = sourcecode.c.objc; path = TWAppDelegate.m; sourceTree = "<group>"; };
		593DE0CF15BB6B3200E96220 /* TWFirstViewController.h */ = {isa = PBXFileReference; lastKnownFileType = sourcecode.c.h; path = TWFirstViewController.h; sourceTree = "<group>"; };
		593DE0D015BB6B3200E96220 /* TWFirstViewController.m */ = {isa = PBXFileReference; lastKnownFileType = sourcecode.c.objc; path = TWFirstViewController.m; sourceTree = "<group>"; };
		593DE0D615BB6B3200E96220 /* TWSecondViewController.h */ = {isa = PBXFileReference; lastKnownFileType = sourcecode.c.h; path = TWSecondViewController.h; sourceTree = "<group>"; };
		593DE0D715BB6B3200E96220 /* TWSecondViewController.m */ = {isa = PBXFileReference; lastKnownFileType = sourcecode.c.objc; path = TWSecondViewController.m; sourceTree = "<group>"; };
		593DE0DE15BB6B3200E96220 /* en */ = {isa = PBXFileReference; lastKnownFileType = file.xib; name = en; path = en.lproj/TWFirstViewController.xib; sourceTree = "<group>"; };
		593DE0E115BB6B3200E96220 /* en */ = {isa = PBXFileReference; lastKnownFileType = file.xib; name = en; path = en.lproj/TWSecondViewController.xib; sourceTree = "<group>"; };
		593DE0E915BB6F3900E96220 /* first.png */ = {isa = PBXFileReference; lastKnownFileType = image.png; path = first.png; sourceTree = "<group>"; };
		593DE0EA15BB6F3900E96220 /* first@2x.png */ = {isa = PBXFileReference; lastKnownFileType = image.png; path = "first@2x.png"; sourceTree = "<group>"; };
		593DE0EB15BB6F3900E96220 /* pin.png */ = {isa = PBXFileReference; lastKnownFileType = image.png; path = pin.png; sourceTree = "<group>"; };
		593DE0EE15BB6F3900E96220 /* second.png */ = {isa = PBXFileReference; lastKnownFileType = image.png; path = second.png; sourceTree = "<group>"; };
		593DE0EF15BB6F3900E96220 /* second@2x.png */ = {isa = PBXFileReference; lastKnownFileType = image.png; path = "second@2x.png"; sourceTree = "<group>"; };
		593DE0F715BB6F5900E96220 /* pin114x114.png */ = {isa = PBXFileReference; lastKnownFileType = image.png; path = pin114x114.png; sourceTree = "<group>"; };
		593DE0F915BB6F6000E96220 /* pin57x57.png */ = {isa = PBXFileReference; lastKnownFileType = image.png; path = pin57x57.png; sourceTree = "<group>"; };
		593DE0FB15BB702C00E96220 /* MapKit.framework */ = {isa = PBXFileReference; lastKnownFileType = wrapper.framework; name = MapKit.framework; path = System/Library/Frameworks/MapKit.framework; sourceTree = SDKROOT; };
		593DE0FF15BB70EC00E96220 /* TWMapPin.h */ = {isa = PBXFileReference; fileEncoding = 4; lastKnownFileType = sourcecode.c.h; path = TWMapPin.h; sourceTree = "<group>"; };
		593DE10015BB70EC00E96220 /* TWMapPin.m */ = {isa = PBXFileReference; fileEncoding = 4; lastKnownFileType = sourcecode.c.objc; path = TWMapPin.m; sourceTree = "<group>"; };
		593DE10115BB70EC00E96220 /* TWMapOverlayView.m */ = {isa = PBXFileReference; fileEncoding = 4; lastKnownFileType = sourcecode.c.objc; path = TWMapOverlayView.m; sourceTree = "<group>"; };
		593DE10215BB70EC00E96220 /* TWMapOverlayView.h */ = {isa = PBXFileReference; fileEncoding = 4; lastKnownFileType = sourcecode.c.h; path = TWMapOverlayView.h; sourceTree = "<group>"; };
		593DE10315BB70EC00E96220 /* TWMapOverlay.m */ = {isa = PBXFileReference; fileEncoding = 4; lastKnownFileType = sourcecode.c.objc; path = TWMapOverlay.m; sourceTree = "<group>"; };
		593DE10415BB70EC00E96220 /* TWMapOverlay.h */ = {isa = PBXFileReference; fileEncoding = 4; lastKnownFileType = sourcecode.c.h; path = TWMapOverlay.h; sourceTree = "<group>"; };
		593DE10B15BB7D8400E96220 /* NSString+Helper.m */ = {isa = PBXFileReference; fileEncoding = 4; lastKnownFileType = sourcecode.c.objc; path = "NSString+Helper.m"; sourceTree = "<group>"; };
		593DE10C15BB7D8400E96220 /* NSString+Helper.h */ = {isa = PBXFileReference; fileEncoding = 4; lastKnownFileType = sourcecode.c.h; path = "NSString+Helper.h"; sourceTree = "<group>"; };
		593DE11015BB7E4300E96220 /* NSObject+SBJson.h */ = {isa = PBXFileReference; fileEncoding = 4; lastKnownFileType = sourcecode.c.h; path = "NSObject+SBJson.h"; sourceTree = "<group>"; };
		593DE11115BB7E4300E96220 /* NSObject+SBJson.m */ = {isa = PBXFileReference; fileEncoding = 4; lastKnownFileType = sourcecode.c.objc; path = "NSObject+SBJson.m"; sourceTree = "<group>"; };
		593DE11215BB7E4300E96220 /* SBJson.h */ = {isa = PBXFileReference; fileEncoding = 4; lastKnownFileType = sourcecode.c.h; path = SBJson.h; sourceTree = "<group>"; };
		593DE11315BB7E4300E96220 /* SBJsonParser.h */ = {isa = PBXFileReference; fileEncoding = 4; lastKnownFileType = sourcecode.c.h; path = SBJsonParser.h; sourceTree = "<group>"; };
		593DE11415BB7E4300E96220 /* SBJsonParser.m */ = {isa = PBXFileReference; fileEncoding = 4; lastKnownFileType = sourcecode.c.objc; path = SBJsonParser.m; sourceTree = "<group>"; };
		593DE11515BB7E4300E96220 /* SBJsonStreamParser.h */ = {isa = PBXFileReference; fileEncoding = 4; lastKnownFileType = sourcecode.c.h; path = SBJsonStreamParser.h; sourceTree = "<group>"; };
		593DE11615BB7E4300E96220 /* SBJsonStreamParser.m */ = {isa = PBXFileReference; fileEncoding = 4; lastKnownFileType = sourcecode.c.objc; path = SBJsonStreamParser.m; sourceTree = "<group>"; };
		593DE11715BB7E4300E96220 /* SBJsonStreamParserAccumulator.h */ = {isa = PBXFileReference; fileEncoding = 4; lastKnownFileType = sourcecode.c.h; path = SBJsonStreamParserAccumulator.h; sourceTree = "<group>"; };
		593DE11815BB7E4300E96220 /* SBJsonStreamParserAccumulator.m */ = {isa = PBXFileReference; fileEncoding = 4; lastKnownFileType = sourcecode.c.objc; path = SBJsonStreamParserAccumulator.m; sourceTree = "<group>"; };
		593DE11915BB7E4300E96220 /* SBJsonStreamParserAdapter.h */ = {isa = PBXFileReference; fileEncoding = 4; lastKnownFileType = sourcecode.c.h; path = SBJsonStreamParserAdapter.h; sourceTree = "<group>"; };
		593DE11A15BB7E4300E96220 /* SBJsonStreamParserAdapter.m */ = {isa = PBXFileReference; fileEncoding = 4; lastKnownFileType = sourcecode.c.objc; path = SBJsonStreamParserAdapter.m; sourceTree = "<group>"; };
		593DE11B15BB7E4300E96220 /* SBJsonStreamParserState.h */ = {isa = PBXFileReference; fileEncoding = 4; lastKnownFileType = sourcecode.c.h; path = SBJsonStreamParserState.h; sourceTree = "<group>"; };
		593DE11C15BB7E4300E96220 /* SBJsonStreamParserState.m */ = {isa = PBXFileReference; fileEncoding = 4; lastKnownFileType = sourcecode.c.objc; path = SBJsonStreamParserState.m; sourceTree = "<group>"; };
		593DE11D15BB7E4300E96220 /* SBJsonStreamWriter.h */ = {isa = PBXFileReference; fileEncoding = 4; lastKnownFileType = sourcecode.c.h; path = SBJsonStreamWriter.h; sourceTree = "<group>"; };
		593DE11E15BB7E4300E96220 /* SBJsonStreamWriter.m */ = {isa = PBXFileReference; fileEncoding = 4; lastKnownFileType = sourcecode.c.objc; path = SBJsonStreamWriter.m; sourceTree = "<group>"; };
		593DE11F15BB7E4300E96220 /* SBJsonStreamWriterAccumulator.h */ = {isa = PBXFileReference; fileEncoding = 4; lastKnownFileType = sourcecode.c.h; path = SBJsonStreamWriterAccumulator.h; sourceTree = "<group>"; };
		593DE12015BB7E4300E96220 /* SBJsonStreamWriterAccumulator.m */ = {isa = PBXFileReference; fileEncoding = 4; lastKnownFileType = sourcecode.c.objc; path = SBJsonStreamWriterAccumulator.m; sourceTree = "<group>"; };
		593DE12115BB7E4300E96220 /* SBJsonStreamWriterState.h */ = {isa = PBXFileReference; fileEncoding = 4; lastKnownFileType = sourcecode.c.h; path = SBJsonStreamWriterState.h; sourceTree = "<group>"; };
		593DE12215BB7E4300E96220 /* SBJsonStreamWriterState.m */ = {isa = PBXFileReference; fileEncoding = 4; lastKnownFileType = sourcecode.c.objc; path = SBJsonStreamWriterState.m; sourceTree = "<group>"; };
		593DE12315BB7E4300E96220 /* SBJsonTokeniser.h */ = {isa = PBXFileReference; fileEncoding = 4; lastKnownFileType = sourcecode.c.h; path = SBJsonTokeniser.h; sourceTree = "<group>"; };
		593DE12415BB7E4300E96220 /* SBJsonTokeniser.m */ = {isa = PBXFileReference; fileEncoding = 4; lastKnownFileType = sourcecode.c.objc; path = SBJsonTokeniser.m; sourceTree = "<group>"; };
		593DE12515BB7E4300E96220 /* SBJsonUTF8Stream.h */ = {isa = PBXFileReference; fileEncoding = 4; lastKnownFileType = sourcecode.c.h; path = SBJsonUTF8Stream.h; sourceTree = "<group>"; };
		593DE12615BB7E4300E96220 /* SBJsonUTF8Stream.m */ = {isa = PBXFileReference; fileEncoding = 4; lastKnownFileType = sourcecode.c.objc; path = SBJsonUTF8Stream.m; sourceTree = "<group>"; };
		593DE12715BB7E4300E96220 /* SBJsonWriter.h */ = {isa = PBXFileReference; fileEncoding = 4; lastKnownFileType = sourcecode.c.h; path = SBJsonWriter.h; sourceTree = "<group>"; };
		593DE12815BB7E4300E96220 /* SBJsonWriter.m */ = {isa = PBXFileReference; fileEncoding = 4; lastKnownFileType = sourcecode.c.objc; path = SBJsonWriter.m; sourceTree = "<group>"; };
		593DE13515BB800800E96220 /* CoreLocation.framework */ = {isa = PBXFileReference; lastKnownFileType = wrapper.framework; name = CoreLocation.framework; path = System/Library/Frameworks/CoreLocation.framework; sourceTree = SDKROOT; };
/* End PBXFileReference section */

/* Begin PBXFrameworksBuildPhase section */
		593DE0B615BB6B3200E96220 /* Frameworks */ = {
			isa = PBXFrameworksBuildPhase;
			buildActionMask = 2147483647;
			files = (
				593DE13615BB800800E96220 /* CoreLocation.framework in Frameworks */,
				593DE0FC15BB702C00E96220 /* MapKit.framework in Frameworks */,
				593DE0BE15BB6B3200E96220 /* UIKit.framework in Frameworks */,
				593DE0C015BB6B3200E96220 /* Foundation.framework in Frameworks */,
				593DE0C215BB6B3200E96220 /* CoreGraphics.framework in Frameworks */,
			);
			runOnlyForDeploymentPostprocessing = 0;
		};
/* End PBXFrameworksBuildPhase section */

/* Begin PBXGroup section */
		593DE0AE15BB6B3200E96220 = {
			isa = PBXGroup;
			children = (
				593DE13515BB800800E96220 /* CoreLocation.framework */,
				593DE0FB15BB702C00E96220 /* MapKit.framework */,
				593DE0F915BB6F6000E96220 /* pin57x57.png */,
				593DE0F715BB6F5900E96220 /* pin114x114.png */,
				593DE0C315BB6B3200E96220 /* TWLocationAdjuster */,
				593DE0BC15BB6B3200E96220 /* Frameworks */,
				593DE0BA15BB6B3200E96220 /* Products */,
			);
			sourceTree = "<group>";
		};
		593DE0BA15BB6B3200E96220 /* Products */ = {
			isa = PBXGroup;
			children = (
				593DE0B915BB6B3200E96220 /* TWLocationAdjuster.app */,
			);
			name = Products;
			sourceTree = "<group>";
		};
		593DE0BC15BB6B3200E96220 /* Frameworks */ = {
			isa = PBXGroup;
			children = (
				593DE0BD15BB6B3200E96220 /* UIKit.framework */,
				593DE0BF15BB6B3200E96220 /* Foundation.framework */,
				593DE0C115BB6B3200E96220 /* CoreGraphics.framework */,
			);
			name = Frameworks;
			sourceTree = "<group>";
		};
		593DE0C315BB6B3200E96220 /* TWLocationAdjuster */ = {
			isa = PBXGroup;
			children = (
				593DE13715BB815D00E96220 /* Views */,
				593DE0FD15BB70BE00E96220 /* Classes */,
				593DE0E815BB6F3900E96220 /* Images */,
				593DE0C415BB6B3200E96220 /* Supporting Files */,
				593DE0CC15BB6B3200E96220 /* TWAppDelegate.h */,
				593DE0CD15BB6B3200E96220 /* TWAppDelegate.m */,
				593DE0CF15BB6B3200E96220 /* TWFirstViewController.h */,
				593DE0D015BB6B3200E96220 /* TWFirstViewController.m */,
				593DE0D615BB6B3200E96220 /* TWSecondViewController.h */,
				593DE0D715BB6B3200E96220 /* TWSecondViewController.m */,
				593DE10E15BB7E4300E96220 /* Vendor */,
			);
			path = TWLocationAdjuster;
			sourceTree = "<group>";
		};
		593DE0C415BB6B3200E96220 /* Supporting Files */ = {
			isa = PBXGroup;
			children = (
				593DE0C515BB6B3200E96220 /* TWLocationAdjuster-Info.plist */,
				593DE0C615BB6B3200E96220 /* InfoPlist.strings */,
				593DE0C915BB6B3200E96220 /* main.m */,
				593DE0CB15BB6B3200E96220 /* TWLocationAdjuster-Prefix.pch */,
			);
			name = "Supporting Files";
			sourceTree = "<group>";
		};
		593DE0E815BB6F3900E96220 /* Images */ = {
			isa = PBXGroup;
			children = (
				593DE0E915BB6F3900E96220 /* first.png */,
				593DE0EA15BB6F3900E96220 /* first@2x.png */,
				593DE0EB15BB6F3900E96220 /* pin.png */,
				593DE0EE15BB6F3900E96220 /* second.png */,
				593DE0EF15BB6F3900E96220 /* second@2x.png */,
			);
			path = Images;
			sourceTree = "<group>";
		};
		593DE0FD15BB70BE00E96220 /* Classes */ = {
			isa = PBXGroup;
			children = (
				593DE0FE15BB70C500E96220 /* MapExtensions */,
				593DE10C15BB7D8400E96220 /* NSString+Helper.h */,
				593DE10B15BB7D8400E96220 /* NSString+Helper.m */,
			);
			name = Classes;
			sourceTree = "<group>";
		};
		593DE0FE15BB70C500E96220 /* MapExtensions */ = {
			isa = PBXGroup;
			children = (
				593DE10415BB70EC00E96220 /* TWMapOverlay.h */,
				593DE10315BB70EC00E96220 /* TWMapOverlay.m */,
				593DE10215BB70EC00E96220 /* TWMapOverlayView.h */,
				593DE10115BB70EC00E96220 /* TWMapOverlayView.m */,
				593DE0FF15BB70EC00E96220 /* TWMapPin.h */,
				593DE10015BB70EC00E96220 /* TWMapPin.m */,
			);
			name = MapExtensions;
			sourceTree = "<group>";
		};
		593DE10E15BB7E4300E96220 /* Vendor */ = {
			isa = PBXGroup;
			children = (
				593DE10F15BB7E4300E96220 /* SBJson */,
			);
			path = Vendor;
			sourceTree = SOURCE_ROOT;
		};
		593DE10F15BB7E4300E96220 /* SBJson */ = {
			isa = PBXGroup;
			children = (
				593DE11015BB7E4300E96220 /* NSObject+SBJson.h */,
				593DE11115BB7E4300E96220 /* NSObject+SBJson.m */,
				593DE11215BB7E4300E96220 /* SBJson.h */,
				593DE11315BB7E4300E96220 /* SBJsonParser.h */,
				593DE11415BB7E4300E96220 /* SBJsonParser.m */,
				593DE11515BB7E4300E96220 /* SBJsonStreamParser.h */,
				593DE11615BB7E4300E96220 /* SBJsonStreamParser.m */,
				593DE11715BB7E4300E96220 /* SBJsonStreamParserAccumulator.h */,
				593DE11815BB7E4300E96220 /* SBJsonStreamParserAccumulator.m */,
				593DE11915BB7E4300E96220 /* SBJsonStreamParserAdapter.h */,
				593DE11A15BB7E4300E96220 /* SBJsonStreamParserAdapter.m */,
				593DE11B15BB7E4300E96220 /* SBJsonStreamParserState.h */,
				593DE11C15BB7E4300E96220 /* SBJsonStreamParserState.m */,
				593DE11D15BB7E4300E96220 /* SBJsonStreamWriter.h */,
				593DE11E15BB7E4300E96220 /* SBJsonStreamWriter.m */,
				593DE11F15BB7E4300E96220 /* SBJsonStreamWriterAccumulator.h */,
				593DE12015BB7E4300E96220 /* SBJsonStreamWriterAccumulator.m */,
				593DE12115BB7E4300E96220 /* SBJsonStreamWriterState.h */,
				593DE12215BB7E4300E96220 /* SBJsonStreamWriterState.m */,
				593DE12315BB7E4300E96220 /* SBJsonTokeniser.h */,
				593DE12415BB7E4300E96220 /* SBJsonTokeniser.m */,
				593DE12515BB7E4300E96220 /* SBJsonUTF8Stream.h */,
				593DE12615BB7E4300E96220 /* SBJsonUTF8Stream.m */,
				593DE12715BB7E4300E96220 /* SBJsonWriter.h */,
				593DE12815BB7E4300E96220 /* SBJsonWriter.m */,
			);
			path = SBJson;
			sourceTree = "<group>";
		};
		593DE13715BB815D00E96220 /* Views */ = {
			isa = PBXGroup;
			children = (
				593DE0DD15BB6B3200E96220 /* TWFirstViewController.xib */,
				593DE0E015BB6B3200E96220 /* TWSecondViewController.xib */,
			);
			name = Views;
			sourceTree = "<group>";
		};
/* End PBXGroup section */

/* Begin PBXNativeTarget section */
		593DE0B815BB6B3200E96220 /* TWLocationAdjuster */ = {
			isa = PBXNativeTarget;
			buildConfigurationList = 593DE0E515BB6B3200E96220 /* Build configuration list for PBXNativeTarget "TWLocationAdjuster" */;
			buildPhases = (
				593DE0B515BB6B3200E96220 /* Sources */,
				593DE0B615BB6B3200E96220 /* Frameworks */,
				593DE0B715BB6B3200E96220 /* Resources */,
			);
			buildRules = (
			);
			dependencies = (
			);
			name = TWLocationAdjuster;
			productName = TWLocationAdjuster;
			productReference = 593DE0B915BB6B3200E96220 /* TWLocationAdjuster.app */;
			productType = "com.apple.product-type.application";
		};
/* End PBXNativeTarget section */

/* Begin PBXProject section */
		593DE0B015BB6B3200E96220 /* Project object */ = {
			isa = PBXProject;
			attributes = {
				CLASSPREFIX = TW;
				LastUpgradeCheck = 0430;
			};
			buildConfigurationList = 593DE0B315BB6B3200E96220 /* Build configuration list for PBXProject "TWLocationAdjuster" */;
			compatibilityVersion = "Xcode 3.2";
			developmentRegion = English;
			hasScannedForEncodings = 0;
			knownRegions = (
				en,
			);
			mainGroup = 593DE0AE15BB6B3200E96220;
			productRefGroup = 593DE0BA15BB6B3200E96220 /* Products */;
			projectDirPath = "";
			projectRoot = "";
			targets = (
				593DE0B815BB6B3200E96220 /* TWLocationAdjuster */,
			);
		};
/* End PBXProject section */

/* Begin PBXResourcesBuildPhase section */
		593DE0B715BB6B3200E96220 /* Resources */ = {
			isa = PBXResourcesBuildPhase;
			buildActionMask = 2147483647;
			files = (
				593DE0C815BB6B3200E96220 /* InfoPlist.strings in Resources */,
				593DE0DF15BB6B3200E96220 /* TWFirstViewController.xib in Resources */,
				593DE0E215BB6B3200E96220 /* TWSecondViewController.xib in Resources */,
				593DE0F015BB6F3900E96220 /* first.png in Resources */,
				593DE0F115BB6F3900E96220 /* first@2x.png in Resources */,
				593DE0F215BB6F3900E96220 /* pin.png in Resources */,
				593DE0F515BB6F3900E96220 /* second.png in Resources */,
				593DE0F615BB6F3900E96220 /* second@2x.png in Resources */,
				593DE0F815BB6F5900E96220 /* pin114x114.png in Resources */,
				593DE0FA15BB6F6000E96220 /* pin57x57.png in Resources */,
			);
			runOnlyForDeploymentPostprocessing = 0;
		};
/* End PBXResourcesBuildPhase section */

/* Begin PBXSourcesBuildPhase section */
		593DE0B515BB6B3200E96220 /* Sources */ = {
			isa = PBXSourcesBuildPhase;
			buildActionMask = 2147483647;
			files = (
				593DE0CA15BB6B3200E96220 /* main.m in Sources */,
				593DE0CE15BB6B3200E96220 /* TWAppDelegate.m in Sources */,
				593DE0D115BB6B3200E96220 /* TWFirstViewController.m in Sources */,
				593DE0D815BB6B3200E96220 /* TWSecondViewController.m in Sources */,
				593DE10515BB70EC00E96220 /* TWMapPin.m in Sources */,
				593DE10615BB70EC00E96220 /* TWMapOverlayView.m in Sources */,
				593DE10715BB70EC00E96220 /* TWMapOverlay.m in Sources */,
				593DE10D15BB7D8400E96220 /* NSString+Helper.m in Sources */,
				593DE12915BB7E4300E96220 /* NSObject+SBJson.m in Sources */,
				593DE12A15BB7E4300E96220 /* SBJsonParser.m in Sources */,
				593DE12B15BB7E4300E96220 /* SBJsonStreamParser.m in Sources */,
				593DE12C15BB7E4300E96220 /* SBJsonStreamParserAccumulator.m in Sources */,
				593DE12D15BB7E4300E96220 /* SBJsonStreamParserAdapter.m in Sources */,
				593DE12E15BB7E4300E96220 /* SBJsonStreamParserState.m in Sources */,
				593DE12F15BB7E4300E96220 /* SBJsonStreamWriter.m in Sources */,
				593DE13015BB7E4300E96220 /* SBJsonStreamWriterAccumulator.m in Sources */,
				593DE13115BB7E4300E96220 /* SBJsonStreamWriterState.m in Sources */,
				593DE13215BB7E4300E96220 /* SBJsonTokeniser.m in Sources */,
				593DE13315BB7E4300E96220 /* SBJsonUTF8Stream.m in Sources */,
				593DE13415BB7E4300E96220 /* SBJsonWriter.m in Sources */,
			);
			runOnlyForDeploymentPostprocessing = 0;
		};
/* End PBXSourcesBuildPhase section */

/* Begin PBXVariantGroup section */
		593DE0C615BB6B3200E96220 /* InfoPlist.strings */ = {
			isa = PBXVariantGroup;
			children = (
				593DE0C715BB6B3200E96220 /* en */,
			);
			name = InfoPlist.strings;
			sourceTree = "<group>";
		};
		593DE0DD15BB6B3200E96220 /* TWFirstViewController.xib */ = {
			isa = PBXVariantGroup;
			children = (
				593DE0DE15BB6B3200E96220 /* en */,
			);
			name = TWFirstViewController.xib;
			sourceTree = "<group>";
		};
		593DE0E015BB6B3200E96220 /* TWSecondViewController.xib */ = {
			isa = PBXVariantGroup;
			children = (
				593DE0E115BB6B3200E96220 /* en */,
			);
			name = TWSecondViewController.xib;
			sourceTree = "<group>";
		};
/* End PBXVariantGroup section */

/* Begin XCBuildConfiguration section */
		593DE0E315BB6B3200E96220 /* Debug */ = {
			isa = XCBuildConfiguration;
			buildSettings = {
				ALWAYS_SEARCH_USER_PATHS = NO;
				ARCHS = "$(ARCHS_STANDARD_32_BIT)";
				CLANG_ENABLE_OBJC_ARC = YES;
				"CODE_SIGN_IDENTITY[sdk=iphoneos*]" = "iPhone Developer";
				COPY_PHASE_STRIP = NO;
				GCC_C_LANGUAGE_STANDARD = gnu99;
				GCC_DYNAMIC_NO_PIC = NO;
				GCC_OPTIMIZATION_LEVEL = 0;
				GCC_PREPROCESSOR_DEFINITIONS = (
					"DEBUG=1",
					"$(inherited)",
				);
				GCC_SYMBOLS_PRIVATE_EXTERN = NO;
				GCC_VERSION = com.apple.compilers.llvm.clang.1_0;
				GCC_WARN_ABOUT_RETURN_TYPE = YES;
				GCC_WARN_UNINITIALIZED_AUTOS = YES;
				GCC_WARN_UNUSED_VARIABLE = YES;
				IPHONEOS_DEPLOYMENT_TARGET = 5.1;
				"PROVISIONING_PROFILE[sdk=iphoneos*]" = "";
				SDKROOT = iphoneos;
			};
			name = Debug;
		};
		593DE0E415BB6B3200E96220 /* Release */ = {
			isa = XCBuildConfiguration;
			buildSettings = {
				ALWAYS_SEARCH_USER_PATHS = NO;
				ARCHS = "$(ARCHS_STANDARD_32_BIT)";
				CLANG_ENABLE_OBJC_ARC = YES;
				"CODE_SIGN_IDENTITY[sdk=iphoneos*]" = "iPhone Developer";
				COPY_PHASE_STRIP = YES;
				GCC_C_LANGUAGE_STANDARD = gnu99;
				GCC_VERSION = com.apple.compilers.llvm.clang.1_0;
				GCC_WARN_ABOUT_RETURN_TYPE = YES;
				GCC_WARN_UNINITIALIZED_AUTOS = YES;
				GCC_WARN_UNUSED_VARIABLE = YES;
				IPHONEOS_DEPLOYMENT_TARGET = 5.1;
				OTHER_CFLAGS = "-DNS_BLOCK_ASSERTIONS=1";
				"PROVISIONING_PROFILE[sdk=iphoneos*]" = "";
				SDKROOT = iphoneos;
				VALIDATE_PRODUCT = YES;
			};
			name = Release;
		};
		593DE0E615BB6B3200E96220 /* Debug */ = {
			isa = XCBuildConfiguration;
			buildSettings = {
				GCC_PRECOMPILE_PREFIX_HEADER = YES;
				GCC_PREFIX_HEADER = "TWLocationAdjuster/TWLocationAdjuster-Prefix.pch";
				INFOPLIST_FILE = "TWLocationAdjuster/TWLocationAdjuster-Info.plist";
				PRODUCT_NAME = "$(TARGET_NAME)";
				WRAPPER_EXTENSION = app;
			};
			name = Debug;
		};
		593DE0E715BB6B3200E96220 /* Release */ = {
			isa = XCBuildConfiguration;
			buildSettings = {
				GCC_PRECOMPILE_PREFIX_HEADER = YES;
				GCC_PREFIX_HEADER = "TWLocationAdjuster/TWLocationAdjuster-Prefix.pch";
				INFOPLIST_FILE = "TWLocationAdjuster/TWLocationAdjuster-Info.plist";
				PRODUCT_NAME = "$(TARGET_NAME)";
				WRAPPER_EXTENSION = app;
			};
			name = Release;
		};
/* End XCBuildConfiguration section */

/* Begin XCConfigurationList section */
		593DE0B315BB6B3200E96220 /* Build configuration list for PBXProject "TWLocationAdjuster" */ = {
			isa = XCConfigurationList;
			buildConfigurations = (
				593DE0E315BB6B3200E96220 /* Debug */,
				593DE0E415BB6B3200E96220 /* Release */,
			);
			defaultConfigurationIsVisible = 0;
			defaultConfigurationName = Release;
		};
		593DE0E515BB6B3200E96220 /* Build configuration list for PBXNativeTarget "TWLocationAdjuster" */ = {
			isa = XCConfigurationList;
			buildConfigurations = (
				593DE0E615BB6B3200E96220 /* Debug */,
				593DE0E715BB6B3200E96220 /* Release */,
			);
			defaultConfigurationIsVisible = 0;
			defaultConfigurationName = Release;
		};
/* End XCConfigurationList section */
	};
	rootObject = 593DE0B015BB6B3200E96220 /* Project object */;
}
